
Microsoft Visual Studio Solution File, Format Version 12.00
# Visual Studio Version 17
VisualStudioVersion = 17.0.32014.148
MinimumVisualStudioVersion = 10.0.40219.1
Project("{FAE04EC0-301F-11D3-BF4B-00C04F79EFBC}") = "ThunderboltIocSamples.XamarinForms.UWP", "ThunderboltIocSamples.XamarinForms\ThunderboltIocSamples.XamarinForms.UWP\ThunderboltIocSamples.XamarinForms.UWP.csproj", "{C1459ABC-8809-444A-BC39-8ADCD73985F3}"
EndProject
Project("{FAE04EC0-301F-11D3-BF4B-00C04F79EFBC}") = "ThunderboltIocSamples.XamarinForms.Android", "ThunderboltIocSamples.XamarinForms\ThunderboltIocSamples.XamarinForms.Android\ThunderboltIocSamples.XamarinForms.Android.csproj", "{9ABD7256-B045-4513-B26C-2F524F4E7D85}"
EndProject
Project("{FAE04EC0-301F-11D3-BF4B-00C04F79EFBC}") = "ThunderboltIocSamples.XamarinForms.iOS", "ThunderboltIocSamples.XamarinForms\ThunderboltIocSamples.XamarinForms.iOS\ThunderboltIocSamples.XamarinForms.iOS.csproj", "{98103A28-52FC-4A91-B7D7-7A9DD1B7A593}"
EndProject
Project("{FAE04EC0-301F-11D3-BF4B-00C04F79EFBC}") = "ThunderboltIocSamples.XamarinForms", "ThunderboltIocSamples.XamarinForms\ThunderboltIocSamples.XamarinForms\ThunderboltIocSamples.XamarinForms.csproj", "{757853B7-57E6-411E-96D7-8EE16BC68460}"
EndProject
Global
	GlobalSection(SolutionConfigurationPlatforms) = preSolution
		Debug|Any CPU = Debug|Any CPU
		Debug|ARM = Debug|ARM
		Debug|iPhone = Debug|iPhone
		Debug|iPhoneSimulator = Debug|iPhoneSimulator
		Debug|x64 = Debug|x64
		Debug|x86 = Debug|x86
		Release|Any CPU = Release|Any CPU
		Release|ARM = Release|ARM
		Release|iPhone = Release|iPhone
		Release|iPhoneSimulator = Release|iPhoneSimulator
		Release|x64 = Release|x64
		Release|x86 = Release|x86
	EndGlobalSection
	GlobalSection(ProjectConfigurationPlatforms) = postSolution
		{C1459ABC-8809-444A-BC39-8ADCD73985F3}.Debug|Any CPU.ActiveCfg = Debug|x64
		{C1459ABC-8809-444A-BC39-8ADCD73985F3}.Debug|Any CPU.Build.0 = Debug|x64
		{C1459ABC-8809-444A-BC39-8ADCD73985F3}.Debug|Any CPU.Deploy.0 = Debug|x64
		{C1459ABC-8809-444A-BC39-8ADCD73985F3}.Debug|ARM.ActiveCfg = Debug|ARM
		{C1459ABC-8809-444A-BC39-8ADCD73985F3}.Debug|ARM.Build.0 = Debug|ARM
		{C1459ABC-8809-444A-BC39-8ADCD73985F3}.Debug|ARM.Deploy.0 = Debug|ARM
		{C1459ABC-8809-444A-BC39-8ADCD73985F3}.Debug|iPhone.ActiveCfg = Debug|x64
		{C1459ABC-8809-444A-BC39-8ADCD73985F3}.Debug|iPhone.Build.0 = Debug|x64
		{C1459ABC-8809-444A-BC39-8ADCD73985F3}.Debug|iPhone.Deploy.0 = Debug|x64
		{C1459ABC-8809-444A-BC39-8ADCD73985F3}.Debug|iPhoneSimulator.ActiveCfg = Debug|x64
		{C1459ABC-8809-444A-BC39-8ADCD73985F3}.Debug|iPhoneSimulator.Build.0 = Debug|x64
		{C1459ABC-8809-444A-BC39-8ADCD73985F3}.Debug|iPhoneSimulator.Deploy.0 = Debug|x64
		{C1459ABC-8809-444A-BC39-8ADCD73985F3}.Debug|x64.ActiveCfg = Debug|x64
		{C1459ABC-8809-444A-BC39-8ADCD73985F3}.Debug|x64.Build.0 = Debug|x64
		{C1459ABC-8809-444A-BC39-8ADCD73985F3}.Debug|x64.Deploy.0 = Debug|x64
		{C1459ABC-8809-444A-BC39-8ADCD73985F3}.Debug|x86.ActiveCfg = Debug|x86
		{C1459ABC-8809-444A-BC39-8ADCD73985F3}.Debug|x86.Build.0 = Debug|x86
		{C1459ABC-8809-444A-BC39-8ADCD73985F3}.Debug|x86.Deploy.0 = Debug|x86
		{C1459ABC-8809-444A-BC39-8ADCD73985F3}.Release|Any CPU.ActiveCfg = Release|x64
		{C1459ABC-8809-444A-BC39-8ADCD73985F3}.Release|Any CPU.Build.0 = Release|x64
		{C1459ABC-8809-444A-BC39-8ADCD73985F3}.Release|Any CPU.Deploy.0 = Release|x64
		{C1459ABC-8809-444A-BC39-8ADCD73985F3}.Release|ARM.ActiveCfg = Release|ARM
		{C1459ABC-8809-444A-BC39-8ADCD73985F3}.Release|ARM.Build.0 = Release|ARM
		{C1459ABC-8809-444A-BC39-8ADCD73985F3}.Release|ARM.Deploy.0 = Release|ARM
		{C1459ABC-8809-444A-BC39-8ADCD73985F3}.Release|iPhone.ActiveCfg = Release|x64
		{C1459ABC-8809-444A-BC39-8ADCD73985F3}.Release|iPhone.Build.0 = Release|x64
		{C1459ABC-8809-444A-BC39-8ADCD73985F3}.Release|iPhone.Deploy.0 = Release|x64
		{C1459ABC-8809-444A-BC39-8ADCD73985F3}.Release|iPhoneSimulator.ActiveCfg = Release|x64
		{C1459ABC-8809-444A-BC39-8ADCD73985F3}.Release|iPhoneSimulator.Build.0 = Release|x64
		{C1459ABC-8809-444A-BC39-8ADCD73985F3}.Release|iPhoneSimulator.Deploy.0 = Release|x64
		{C1459ABC-8809-444A-BC39-8ADCD73985F3}.Release|x64.ActiveCfg = Release|x64
		{C1459ABC-8809-444A-BC39-8ADCD73985F3}.Release|x64.Build.0 = Release|x64
		{C1459ABC-8809-444A-BC39-8ADCD73985F3}.Release|x64.Deploy.0 = Release|x64
		{C1459ABC-8809-444A-BC39-8ADCD73985F3}.Release|x86.ActiveCfg = Release|x86
		{C1459ABC-8809-444A-BC39-8ADCD73985F3}.Release|x86.Build.0 = Release|x86
		{C1459ABC-8809-444A-BC39-8ADCD73985F3}.Release|x86.Deploy.0 = Release|x86
		{9ABD7256-B045-4513-B26C-2F524F4E7D85}.Debug|Any CPU.ActiveCfg = Debug|Any CPU
		{9ABD7256-B045-4513-B26C-2F524F4E7D85}.Debug|Any CPU.Build.0 = Debug|Any CPU
		{9ABD7256-B045-4513-B26C-2F524F4E7D85}.Debug|Any CPU.Deploy.0 = Debug|Any CPU
		{9ABD7256-B045-4513-B26C-2F524F4E7D85}.Debug|ARM.ActiveCfg = Debug|Any CPU
		{9ABD7256-B045-4513-B26C-2F524F4E7D85}.Debug|ARM.Build.0 = Debug|Any CPU
		{9ABD7256-B045-4513-B26C-2F524F4E7D85}.Debug|ARM.Deploy.0 = Debug|Any CPU
		{9ABD7256-B045-4513-B26C-2F524F4E7D85}.Debug|iPhone.ActiveCfg = Debug|Any CPU
		{9ABD7256-B045-4513-B26C-2F524F4E7D85}.Debug|iPhone.Build.0 = Debug|Any CPU
		{9ABD7256-B045-4513-B26C-2F524F4E7D85}.Debug|iPhone.Deploy.0 = Debug|Any CPU
		{9ABD7256-B045-4513-B26C-2F524F4E7D85}.Debug|iPhoneSimulator.ActiveCfg = Debug|Any CPU
		{9ABD7256-B045-4513-B26C-2F524F4E7D85}.Debug|iPhoneSimulator.Build.0 = Debug|Any CPU
		{9ABD7256-B045-4513-B26C-2F524F4E7D85}.Debug|iPhoneSimulator.Deploy.0 = Debug|Any CPU
		{9ABD7256-B045-4513-B26C-2F524F4E7D85}.Debug|x64.ActiveCfg = Debug|Any CPU
		{9ABD7256-B045-4513-B26C-2F524F4E7D85}.Debug|x64.Build.0 = Debug|Any CPU
		{9ABD7256-B045-4513-B26C-2F524F4E7D85}.Debug|x64.Deploy.0 = Debug|Any CPU
		{9ABD7256-B045-4513-B26C-2F524F4E7D85}.Debug|x86.ActiveCfg = Debug|Any CPU
		{9ABD7256-B045-4513-B26C-2F524F4E7D85}.Debug|x86.Build.0 = Debug|Any CPU
		{9ABD7256-B045-4513-B26C-2F524F4E7D85}.Debug|x86.Deploy.0 = Debug|Any CPU
		{9ABD7256-B045-4513-B26C-2F524F4E7D85}.Release|Any CPU.ActiveCfg = Release|Any CPU
		{9ABD7256-B045-4513-B26C-2F524F4E7D85}.Release|Any CPU.Build.0 = Release|Any CPU
		{9ABD7256-B045-4513-B26C-2F524F4E7D85}.Release|Any CPU.Deploy.0 = Release|Any CPU
		{9ABD7256-B045-4513-B26C-2F524F4E7D85}.Release|ARM.ActiveCfg = Release|Any CPU
		{9ABD7256-B045-4513-B26C-2F524F4E7D85}.Release|ARM.Build.0 = Release|Any CPU
		{9ABD7256-B045-4513-B26C-2F524F4E7D85}.Release|ARM.Deploy.0 = Release|Any CPU
		{9ABD7256-B045-4513-B26C-2F524F4E7D85}.Release|iPhone.ActiveCfg = Release|Any CPU
		{9ABD7256-B045-4513-B26C-2F524F4E7D85}.Release|iPhone.Build.0 = Release|Any CPU
		{9ABD7256-B045-4513-B26C-2F524F4E7D85}.Release|iPhone.Deploy.0 = Release|Any CPU
		{9ABD7256-B045-4513-B26C-2F524F4E7D85}.Release|iPhoneSimulator.ActiveCfg = Release|Any CPU
		{9ABD7256-B045-4513-B26C-2F524F4E7D85}.Release|iPhoneSimulator.Build.0 = Release|Any CPU
		{9ABD7256-B045-4513-B26C-2F524F4E7D85}.Release|iPhoneSimulator.Deploy.0 = Release|Any CPU
		{9ABD7256-B045-4513-B26C-2F524F4E7D85}.Release|x64.ActiveCfg = Release|Any CPU
		{9ABD7256-B045-4513-B26C-2F524F4E7D85}.Release|x64.Build.0 = Release|Any CPU
		{9ABD7256-B045-4513-B26C-2F524F4E7D85}.Release|x64.Deploy.0 = Release|Any CPU
		{9ABD7256-B045-4513-B26C-2F524F4E7D85}.Release|x86.ActiveCfg = Release|Any CPU
		{9ABD7256-B045-4513-B26C-2F524F4E7D85}.Release|x86.Build.0 = Release|Any CPU
		{9ABD7256-B045-4513-B26C-2F524F4E7D85}.Release|x86.Deploy.0 = Release|Any CPU
		{98103A28-52FC-4A91-B7D7-7A9DD1B7A593}.Debug|Any CPU.ActiveCfg = Debug|iPhoneSimulator
		{98103A28-52FC-4A91-B7D7-7A9DD1B7A593}.Debug|Any CPU.Build.0 = Debug|iPhoneSimulator
		{98103A28-52FC-4A91-B7D7-7A9DD1B7A593}.Debug|Any CPU.Deploy.0 = Debug|iPhoneSimulator
		{98103A28-52FC-4A91-B7D7-7A9DD1B7A593}.Debug|ARM.ActiveCfg = Debug|iPhoneSimulator
		{98103A28-52FC-4A91-B7D7-7A9DD1B7A593}.Debug|ARM.Build.0 = Debug|iPhoneSimulator
		{98103A28-52FC-4A91-B7D7-7A9DD1B7A593}.Debug|ARM.Deploy.0 = Debug|iPhoneSimulator
		{98103A28-52FC-4A91-B7D7-7A9DD1B7A593}.Debug|iPhone.ActiveCfg = Debug|iPhone
		{98103A28-52FC-4A91-B7D7-7A9DD1B7A593}.Debug|iPhone.Build.0 = Debug|iPhone
		{98103A28-52FC-4A91-B7D7-7A9DD1B7A593}.Debug|iPhone.Deploy.0 = Debug|iPhone
		{98103A28-52FC-4A91-B7D7-7A9DD1B7A593}.Debug|iPhoneSimulator.ActiveCfg = Debug|iPhoneSimulator
		{98103A28-52FC-4A91-B7D7-7A9DD1B7A593}.Debug|iPhoneSimulator.Build.0 = Debug|iPhoneSimulator
		{98103A28-52FC-4A91-B7D7-7A9DD1B7A593}.Debug|iPhoneSimulator.Deploy.0 = Debug|iPhoneSimulator
		{98103A28-52FC-4A91-B7D7-7A9DD1B7A593}.Debug|x64.ActiveCfg = Debug|iPhone
		{98103A28-52FC-4A91-B7D7-7A9DD1B7A593}.Debug|x64.Build.0 = Debug|iPhone
		{98103A28-52FC-4A91-B7D7-7A9DD1B7A593}.Debug|x64.Deploy.0 = Debug|iPhone
		{98103A28-52FC-4A91-B7D7-7A9DD1B7A593}.Debug|x86.ActiveCfg = Debug|iPhoneSimulator
		{98103A28-52FC-4A91-B7D7-7A9DD1B7A593}.Debug|x86.Build.0 = Debug|iPhoneSimulator
		{98103A28-52FC-4A91-B7D7-7A9DD1B7A593}.Debug|x86.Deploy.0 = Debug|iPhoneSimulator
		{98103A28-52FC-4A91-B7D7-7A9DD1B7A593}.Release|Any CPU.ActiveCfg = Release|iPhoneSimulator
		{98103A28-52FC-4A91-B7D7-7A9DD1B7A593}.Release|Any CPU.Build.0 = Release|iPhoneSimulator
		{98103A28-52FC-4A91-B7D7-7A9DD1B7A593}.Release|Any CPU.Deploy.0 = Release|iPhoneSimulator
		{98103A28-52FC-4A91-B7D7-7A9DD1B7A593}.Release|ARM.ActiveCfg = Release|iPhoneSimulator
		{98103A28-52FC-4A91-B7D7-7A9DD1B7A593}.Release|ARM.Build.0 = Release|iPhoneSimulator
		{98103A28-52FC-4A91-B7D7-7A9DD1B7A593}.Release|ARM.Deploy.0 = Release|iPhoneSimulator
		{98103A28-52FC-4A91-B7D7-7A9DD1B7A593}.Release|iPhone.ActiveCfg = Release|iPhone
		{98103A28-52FC-4A91-B7D7-7A9DD1B7A593}.Release|iPhone.Build.0 = Release|iPhone
		{98103A28-52FC-4A91-B7D7-7A9DD1B7A593}.Release|iPhone.Deploy.0 = Release|iPhone
		{98103A28-52FC-4A91-B7D7-7A9DD1B7A593}.Release|iPhoneSimulator.ActiveCfg = Release|iPhoneSimulator
		{98103A28-52FC-4A91-B7D7-7A9DD1B7A593}.Release|iPhoneSimulator.Build.0 = Release|iPhoneSimulator
		{98103A28-52FC-4A91-B7D7-7A9DD1B7A593}.Release|iPhoneSimulator.Deploy.0 = Release|iPhoneSimulator
		{98103A28-52FC-4A91-B7D7-7A9DD1B7A593}.Release|x64.ActiveCfg = Release|iPhoneSimulator
		{98103A28-52FC-4A91-B7D7-7A9DD1B7A593}.Release|x64.Build.0 = Release|iPhoneSimulator
		{98103A28-52FC-4A91-B7D7-7A9DD1B7A593}.Release|x64.Deploy.0 = Release|iPhoneSimulator
		{98103A28-52FC-4A91-B7D7-7A9DD1B7A593}.Release|x86.ActiveCfg = Release|iPhoneSimulator
		{98103A28-52FC-4A91-B7D7-7A9DD1B7A593}.Release|x86.Build.0 = Release|iPhoneSimulator
		{98103A28-52FC-4A91-B7D7-7A9DD1B7A593}.Release|x86.Deploy.0 = Release|iPhoneSimulator
		{757853B7-57E6-411E-96D7-8EE16BC68460}.Debug|Any CPU.ActiveCfg = Debug|Any CPU
		{757853B7-57E6-411E-96D7-8EE16BC68460}.Debug|Any CPU.Build.0 = Debug|Any CPU
		{757853B7-57E6-411E-96D7-8EE16BC68460}.Debug|Any CPU.Deploy.0 = Debug|Any CPU
		{757853B7-57E6-411E-96D7-8EE16BC68460}.Debug|ARM.ActiveCfg = Debug|Any CPU
		{757853B7-57E6-411E-96D7-8EE16BC68460}.Debug|ARM.Build.0 = Debug|Any CPU
		{757853B7-57E6-411E-96D7-8EE16BC68460}.Debug|ARM.Deploy.0 = Debug|Any CPU
		{757853B7-57E6-411E-96D7-8EE16BC68460}.Debug|iPhone.ActiveCfg = Debug|Any CPU
		{757853B7-57E6-411E-96D7-8EE16BC68460}.Debug|iPhone.Build.0 = Debug|Any CPU
		{757853B7-57E6-411E-96D7-8EE16BC68460}.Debug|iPhone.Deploy.0 = Debug|Any CPU
		{757853B7-57E6-411E-96D7-8EE16BC68460}.Debug|iPhoneSimulator.ActiveCfg = Debug|Any CPU
		{757853B7-57E6-411E-96D7-8EE16BC68460}.Debug|iPhoneSimulator.Build.0 = Debug|Any CPU
		{757853B7-57E6-411E-96D7-8EE16BC68460}.Debug|iPhoneSimulator.Deploy.0 = Debug|Any CPU
		{757853B7-57E6-411E-96D7-8EE16BC68460}.Debug|x64.ActiveCfg = Debug|Any CPU
		{757853B7-57E6-411E-96D7-8EE16BC68460}.Debug|x64.Build.0 = Debug|Any CPU
		{757853B7-57E6-411E-96D7-8EE16BC68460}.Debug|x64.Deploy.0 = Debug|Any CPU
		{757853B7-57E6-411E-96D7-8EE16BC68460}.Debug|x86.ActiveCfg = Debug|Any CPU
		{757853B7-57E6-411E-96D7-8EE16BC68460}.Debug|x86.Build.0 = Debug|Any CPU
		{757853B7-57E6-411E-96D7-8EE16BC68460}.Debug|x86.Deploy.0 = Debug|Any CPU
		{757853B7-57E6-411E-96D7-8EE16BC68460}.Release|Any CPU.ActiveCfg = Release|Any CPU
		{757853B7-57E6-411E-96D7-8EE16BC68460}.Release|Any CPU.Build.0 = Release|Any CPU
		{757853B7-57E6-411E-96D7-8EE16BC68460}.Release|Any CPU.Deploy.0 = Release|Any CPU
		{757853B7-57E6-411E-96D7-8EE16BC68460}.Release|ARM.ActiveCfg = Release|Any CPU
		{757853B7-57E6-411E-96D7-8EE16BC68460}.Release|ARM.Build.0 = Release|Any CPU
		{757853B7-57E6-411E-96D7-8EE16BC68460}.Release|ARM.Deploy.0 = Release|Any CPU
		{757853B7-57E6-411E-96D7-8EE16BC68460}.Release|iPhone.ActiveCfg = Release|Any CPU
		{757853B7-57E6-411E-96D7-8EE16BC68460}.Release|iPhone.Build.0 = Release|Any CPU
		{757853B7-57E6-411E-96D7-8EE16BC68460}.Release|iPhone.Deploy.0 = Release|Any CPU
		{757853B7-57E6-411E-96D7-8EE16BC68460}.Release|iPhoneSimulator.ActiveCfg = Release|Any CPU
		{757853B7-57E6-411E-96D7-8EE16BC68460}.Release|iPhoneSimulator.Build.0 = Release|Any CPU
		{757853B7-57E6-411E-96D7-8EE16BC68460}.Release|iPhoneSimulator.Deploy.0 = Release|Any CPU
		{757853B7-57E6-411E-96D7-8EE16BC68460}.Release|x64.ActiveCfg = Release|Any CPU
		{757853B7-57E6-411E-96D7-8EE16BC68460}.Release|x64.Build.0 = Release|Any CPU
		{757853B7-57E6-411E-96D7-8EE16BC68460}.Release|x64.Deploy.0 = Release|Any CPU
		{757853B7-57E6-411E-96D7-8EE16BC68460}.Release|x86.ActiveCfg = Release|Any CPU
		{757853B7-57E6-411E-96D7-8EE16BC68460}.Release|x86.Build.0 = Release|Any CPU
		{757853B7-57E6-411E-96D7-8EE16BC68460}.Release|x86.Deploy.0 = Release|Any CPU
	EndGlobalSection
	GlobalSection(SolutionProperties) = preSolution
		HideSolutionNode = FALSE
	EndGlobalSection
	GlobalSection(ExtensibilityGlobals) = postSolution
		SolutionGuid = {71E89C75-04DF-4A19-A4FC-87E5D5DF61C2}
	EndGlobalSection
EndGlobal
