
Microsoft Visual Studio Solution File, Format Version 12.00
# Visual Studio Version 17
VisualStudioVersion = 17.0.32014.148
MinimumVisualStudioVersion = 10.0.40219.1
Project("{FAE04EC0-301F-11D3-BF4B-00C04F79EFBC}") = "ThunderboltIocSamples.WpfCore", "ThunderboltIocSamples.WpfCore\ThunderboltIocSamples.WpfCore.csproj", "{ADBC1672-A771-4E59-9406-801E349343FB}"
EndProject
Global
	GlobalSection(SolutionConfigurationPlatforms) = preSolution
		Debug|Any CPU = Debug|Any CPU
		Release|Any CPU = Release|Any CPU
	EndGlobalSection
	GlobalSection(ProjectConfigurationPlatforms) = postSolution
		{ADBC1672-A771-4E59-9406-801E349343FB}.Debug|Any CPU.ActiveCfg = Debug|Any CPU
		{ADBC1672-A771-4E59-9406-801E349343FB}.Debug|Any CPU.Build.0 = Debug|Any CPU
		{ADBC1672-A771-4E59-9406-801E349343FB}.Release|Any CPU.ActiveCfg = Release|Any CPU
		{ADBC1672-A771-4E59-9406-801E349343FB}.Release|Any CPU.Build.0 = Release|Any CPU
	EndGlobalSection
	GlobalSection(SolutionProperties) = preSolution
		HideSolutionNode = FALSE
	EndGlobalSection
	GlobalSection(ExtensibilityGlobals) = postSolution
		SolutionGuid = {5843F3CD-8D0D-422F-AC54-A76ED4FB0BF9}
	EndGlobalSection
EndGlobal
