
Microsoft Visual Studio Solution File, Format Version 12.00
# Visual Studio Version 17
VisualStudioVersion = 17.0.32014.148
MinimumVisualStudioVersion = 10.0.40219.1
Project("{9A19103F-16F7-4668-BE54-9A1E7A4F7556}") = "ThunderboltIoc", "ThunderboltIoc\ThunderboltIoc.csproj", "{DC2A99B1-E9A9-4E1B-ABD5-2A915C6CAC36}"
EndProject
Project("{9A19103F-16F7-4668-BE54-9A1E7A4F7556}") = "ThunderboltIoc.Abstractions", "ThunderboltIoc.Abstractions\ThunderboltIoc.Abstractions.csproj", "{0765CB8C-8F11-46EC-98CA-EC2675E41E68}"
EndProject
Project("{9A19103F-16F7-4668-BE54-9A1E7A4F7556}") = "ThunderboltIoc.SourceGenerators", "ThunderboltIoc.SourceGenerators\ThunderboltIoc.SourceGenerators.csproj", "{3E14538F-2E83-4450-8CBC-BAFACD770BDE}"
EndProject
Project("{2150E333-8FDC-42A3-9474-1A3956D46DE8}") = "Solution Items", "Solution Items", "{07825FE5-1ADD-4E5F-AB96-9F82780F8CF1}"
	ProjectSection(SolutionItems) = preProject
		..\.gitattributes = ..\.gitattributes
		..\.gitignore = ..\.gitignore
		Directory.Build.Props = Directory.Build.Props
	EndProjectSection
EndProject
Global
	GlobalSection(SolutionConfigurationPlatforms) = preSolution
		Debug|Any CPU = Debug|Any CPU
		Release|Any CPU = Release|Any CPU
	EndGlobalSection
	GlobalSection(ProjectConfigurationPlatforms) = postSolution
		{DC2A99B1-E9A9-4E1B-ABD5-2A915C6CAC36}.Debug|Any CPU.ActiveCfg = Debug|Any CPU
		{DC2A99B1-E9A9-4E1B-ABD5-2A915C6CAC36}.Debug|Any CPU.Build.0 = Debug|Any CPU
		{DC2A99B1-E9A9-4E1B-ABD5-2A915C6CAC36}.Release|Any CPU.ActiveCfg = Release|Any CPU
		{DC2A99B1-E9A9-4E1B-ABD5-2A915C6CAC36}.Release|Any CPU.Build.0 = Release|Any CPU
		{0765CB8C-8F11-46EC-98CA-EC2675E41E68}.Debug|Any CPU.ActiveCfg = Debug|Any CPU
		{0765CB8C-8F11-46EC-98CA-EC2675E41E68}.Debug|Any CPU.Build.0 = Debug|Any CPU
		{0765CB8C-8F11-46EC-98CA-EC2675E41E68}.Release|Any CPU.ActiveCfg = Release|Any CPU
		{0765CB8C-8F11-46EC-98CA-EC2675E41E68}.Release|Any CPU.Build.0 = Release|Any CPU
		{3E14538F-2E83-4450-8CBC-BAFACD770BDE}.Debug|Any CPU.ActiveCfg = Debug|Any CPU
		{3E14538F-2E83-4450-8CBC-BAFACD770BDE}.Debug|Any CPU.Build.0 = Debug|Any CPU
		{3E14538F-2E83-4450-8CBC-BAFACD770BDE}.Release|Any CPU.ActiveCfg = Release|Any CPU
		{3E14538F-2E83-4450-8CBC-BAFACD770BDE}.Release|Any CPU.Build.0 = Release|Any CPU
	EndGlobalSection
	GlobalSection(SolutionProperties) = preSolution
		HideSolutionNode = FALSE
	EndGlobalSection
	GlobalSection(ExtensibilityGlobals) = postSolution
		SolutionGuid = {F8400F3C-F7D7-45FD-85A7-7F585DE36652}
	EndGlobalSection
EndGlobal
